
Microsoft Visual Studio Solution File, Format Version 12.00
# Visual Studio Version 17
VisualStudioVersion = 17.9.34902.65
MinimumVisualStudioVersion = 10.0.40219.1
Project("{9A19103F-16F7-4668-BE54-9A1E7A4F7556}") = "CardService", "CardService\CardService.csproj", "{2AAC023F-CE9A-487E-BE01-64FDE0F53DB3}"
EndProject
Project("{9A19103F-16F7-4668-BE54-9A1E7A4F7556}") = "FakeExternalServices", "FakeExternalServices\FakeExternalServices.csproj", "{33A03FDD-F3B9-4DD4-B5A2-4E2BFF9CB92E}"
EndProject
Project("{FAE04EC0-301F-11D3-BF4B-00C04F79EFBC}") = "Tests", "Tests\Tests.csproj", "{B62DB1E1-6350-4458-81F5-143950988046}"
EndProject
Global
	GlobalSection(SolutionConfigurationPlatforms) = preSolution
		Debug|Any CPU = Debug|Any CPU
		Release|Any CPU = Release|Any CPU
	EndGlobalSection
	GlobalSection(ProjectConfigurationPlatforms) = postSolution
		{2AAC023F-CE9A-487E-BE01-64FDE0F53DB3}.Debug|Any CPU.ActiveCfg = Debug|Any CPU
		{2AAC023F-CE9A-487E-BE01-64FDE0F53DB3}.Debug|Any CPU.Build.0 = Debug|Any CPU
		{2AAC023F-CE9A-487E-BE01-64FDE0F53DB3}.Release|Any CPU.ActiveCfg = Release|Any CPU
		{2AAC023F-CE9A-487E-BE01-64FDE0F53DB3}.Release|Any CPU.Build.0 = Release|Any CPU
		{33A03FDD-F3B9-4DD4-B5A2-4E2BFF9CB92E}.Debug|Any CPU.ActiveCfg = Debug|Any CPU
		{33A03FDD-F3B9-4DD4-B5A2-4E2BFF9CB92E}.Debug|Any CPU.Build.0 = Debug|Any CPU
		{33A03FDD-F3B9-4DD4-B5A2-4E2BFF9CB92E}.Release|Any CPU.ActiveCfg = Release|Any CPU
		{33A03FDD-F3B9-4DD4-B5A2-4E2BFF9CB92E}.Release|Any CPU.Build.0 = Release|Any CPU
		{B62DB1E1-6350-4458-81F5-143950988046}.Debug|Any CPU.ActiveCfg = Debug|Any CPU
		{B62DB1E1-6350-4458-81F5-143950988046}.Debug|Any CPU.Build.0 = Debug|Any CPU
		{B62DB1E1-6350-4458-81F5-143950988046}.Release|Any CPU.ActiveCfg = Release|Any CPU
		{B62DB1E1-6350-4458-81F5-143950988046}.Release|Any CPU.Build.0 = Release|Any CPU
	EndGlobalSection
	GlobalSection(SolutionProperties) = preSolution
		HideSolutionNode = FALSE
	EndGlobalSection
	GlobalSection(ExtensibilityGlobals) = postSolution
		SolutionGuid = {DB861E73-1069-4E11-8BDB-741A1B6BD72D}
	EndGlobalSection
EndGlobal
